
Microsoft Visual Studio Solution File, Format Version 12.00
# Visual Studio Version 17
VisualStudioVersion = 17.14.36121.58 d17.14
MinimumVisualStudioVersion = 10.0.40219.1
Project("{FAE04EC0-301F-11D3-BF4B-00C04F79EFBC}") = "HotelListing.API", "HotelListing.API\HotelListing.API.csproj", "{1D9ABEB1-CFDA-49B1-A887-81F1D569F07C}"
EndProject
Global
	GlobalSection(SolutionConfigurationPlatforms) = preSolution
		Debug|Any CPU = Debug|Any CPU
		Release|Any CPU = Release|Any CPU
	EndGlobalSection
	GlobalSection(ProjectConfigurationPlatforms) = postSolution
		{1D9ABEB1-CFDA-49B1-A887-81F1D569F07C}.Debug|Any CPU.ActiveCfg = Debug|Any CPU
		{1D9ABEB1-CFDA-49B1-A887-81F1D569F07C}.Debug|Any CPU.Build.0 = Debug|Any CPU
		{1D9ABEB1-CFDA-49B1-A887-81F1D569F07C}.Release|Any CPU.ActiveCfg = Release|Any CPU
		{1D9ABEB1-CFDA-49B1-A887-81F1D569F07C}.Release|Any CPU.Build.0 = Release|Any CPU
	EndGlobalSection
	GlobalSection(SolutionProperties) = preSolution
		HideSolutionNode = FALSE
	EndGlobalSection
	GlobalSection(ExtensibilityGlobals) = postSolution
		SolutionGuid = {C694EAE0-DBBD-4678-A163-885C5C31BB66}
	EndGlobalSection
EndGlobal
